
Microsoft Visual Studio Solution File, Format Version 12.00
# Visual Studio Version 16
VisualStudioVersion = 16.0.31624.102
MinimumVisualStudioVersion = 10.0.40219.1
Project("{FAE04EC0-301F-11D3-BF4B-00C04F79EFBC}") = "Excel_Engine", "Excel_Engine\Excel_Engine.csproj", "{B2D95D41-6F2C-4EBF-BCE1-C5CB077B7CC8}"
EndProject
Project("{FAE04EC0-301F-11D3-BF4B-00C04F79EFBC}") = "Excel_oM", "Excel_oM\Excel_oM.csproj", "{75AECE41-865B-421B-8FC9-8D67FE138299}"
EndProject
Project("{FAE04EC0-301F-11D3-BF4B-00C04F79EFBC}") = "Excel_UI", "Excel_UI\Excel_UI.csproj", "{5AA09E39-AC9E-41A0-9162-7C3749581247}"
EndProject
Global
	GlobalSection(SolutionConfigurationPlatforms) = preSolution
		Debug|Any CPU = Debug|Any CPU
		Release|Any CPU = Release|Any CPU
	EndGlobalSection
	GlobalSection(ProjectConfigurationPlatforms) = postSolution
		{B2D95D41-6F2C-4EBF-BCE1-C5CB077B7CC8}.Debug|Any CPU.ActiveCfg = Debug|Any CPU
		{B2D95D41-6F2C-4EBF-BCE1-C5CB077B7CC8}.Debug|Any CPU.Build.0 = Debug|Any CPU
		{B2D95D41-6F2C-4EBF-BCE1-C5CB077B7CC8}.Release|Any CPU.ActiveCfg = Release|Any CPU
		{B2D95D41-6F2C-4EBF-BCE1-C5CB077B7CC8}.Release|Any CPU.Build.0 = Release|Any CPU
		{75AECE41-865B-421B-8FC9-8D67FE138299}.Debug|Any CPU.ActiveCfg = Debug|Any CPU
		{75AECE41-865B-421B-8FC9-8D67FE138299}.Debug|Any CPU.Build.0 = Debug|Any CPU
		{75AECE41-865B-421B-8FC9-8D67FE138299}.Release|Any CPU.ActiveCfg = Release|Any CPU
		{75AECE41-865B-421B-8FC9-8D67FE138299}.Release|Any CPU.Build.0 = Release|Any CPU
		{5AA09E39-AC9E-41A0-9162-7C3749581247}.Debug|Any CPU.ActiveCfg = Debug|Any CPU
		{5AA09E39-AC9E-41A0-9162-7C3749581247}.Debug|Any CPU.Build.0 = Debug|Any CPU
		{5AA09E39-AC9E-41A0-9162-7C3749581247}.Release|Any CPU.ActiveCfg = Release|Any CPU
		{5AA09E39-AC9E-41A0-9162-7C3749581247}.Release|Any CPU.Build.0 = Release|Any CPU
	EndGlobalSection
	GlobalSection(SolutionProperties) = preSolution
		HideSolutionNode = FALSE
	EndGlobalSection
	GlobalSection(ExtensibilityGlobals) = postSolution
		SolutionGuid = {AD196F06-C084-4B17-8D24-698D8C4841A7}
	EndGlobalSection
EndGlobal
