
Microsoft Visual Studio Solution File, Format Version 12.00
# Visual Studio Version 16
VisualStudioVersion = 16.0.29613.14
MinimumVisualStudioVersion = 10.0.40219.1
Project("{FAE04EC0-301F-11D3-BF4B-00C04F79EFBC}") = "Excel_UI", "Excel_UI\Excel_UI.csproj", "{0FAF6FEB-80C3-474A-92BB-C886424CCBC8}"
EndProject
Project("{FAE04EC0-301F-11D3-BF4B-00C04F79EFBC}") = "Excel_Engine", "Excel_Engine\Excel_Engine.csproj", "{A6884466-297E-4AAA-A232-ABBEC42168D3}"
EndProject
Project("{FAE04EC0-301F-11D3-BF4B-00C04F79EFBC}") = "Excel_oM", "Excel_oM\Excel_oM.csproj", "{79FAC4B0-77EC-4257-BCBE-CFF37FFF537C}"
EndProject
Project("{FAE04EC0-301F-11D3-BF4B-00C04F79EFBC}") = "Excel_Adapter", "Excel_Adapter\Excel_Adapter.csproj", "{FBAC14CF-A740-49ED-A831-EF23C9BEE830}"
EndProject
Global
	GlobalSection(SolutionConfigurationPlatforms) = preSolution
		Debug|Any CPU = Debug|Any CPU
		Release|Any CPU = Release|Any CPU
	EndGlobalSection
	GlobalSection(ProjectConfigurationPlatforms) = postSolution
		{0FAF6FEB-80C3-474A-92BB-C886424CCBC8}.Debug|Any CPU.ActiveCfg = Debug|Any CPU
		{0FAF6FEB-80C3-474A-92BB-C886424CCBC8}.Debug|Any CPU.Build.0 = Debug|Any CPU
		{0FAF6FEB-80C3-474A-92BB-C886424CCBC8}.Release|Any CPU.ActiveCfg = Release|Any CPU
		{0FAF6FEB-80C3-474A-92BB-C886424CCBC8}.Release|Any CPU.Build.0 = Release|Any CPU
		{A6884466-297E-4AAA-A232-ABBEC42168D3}.Debug|Any CPU.ActiveCfg = Debug|Any CPU
		{A6884466-297E-4AAA-A232-ABBEC42168D3}.Debug|Any CPU.Build.0 = Debug|Any CPU
		{A6884466-297E-4AAA-A232-ABBEC42168D3}.Release|Any CPU.ActiveCfg = Release|Any CPU
		{A6884466-297E-4AAA-A232-ABBEC42168D3}.Release|Any CPU.Build.0 = Release|Any CPU
		{79FAC4B0-77EC-4257-BCBE-CFF37FFF537C}.Debug|Any CPU.ActiveCfg = Debug|Any CPU
		{79FAC4B0-77EC-4257-BCBE-CFF37FFF537C}.Debug|Any CPU.Build.0 = Debug|Any CPU
		{79FAC4B0-77EC-4257-BCBE-CFF37FFF537C}.Release|Any CPU.ActiveCfg = Release|Any CPU
		{79FAC4B0-77EC-4257-BCBE-CFF37FFF537C}.Release|Any CPU.Build.0 = Release|Any CPU
		{FBAC14CF-A740-49ED-A831-EF23C9BEE830}.Debug|Any CPU.ActiveCfg = Debug|Any CPU
		{FBAC14CF-A740-49ED-A831-EF23C9BEE830}.Debug|Any CPU.Build.0 = Debug|Any CPU
		{FBAC14CF-A740-49ED-A831-EF23C9BEE830}.Release|Any CPU.ActiveCfg = Release|Any CPU
		{FBAC14CF-A740-49ED-A831-EF23C9BEE830}.Release|Any CPU.Build.0 = Release|Any CPU
	EndGlobalSection
	GlobalSection(SolutionProperties) = preSolution
		HideSolutionNode = FALSE
	EndGlobalSection
	GlobalSection(ExtensibilityGlobals) = postSolution
		SolutionGuid = {1F42A65E-ED67-4828-8F52-A21C565A6F02}
	EndGlobalSection
EndGlobal
