
Microsoft Visual Studio Solution File, Format Version 12.00
# Visual Studio Version 17
VisualStudioVersion = 17.0.32126.317
MinimumVisualStudioVersion = 10.0.40219.1
Project("{FAE04EC0-301F-11D3-BF4B-00C04F79EFBC}") = "Excel_UI", "Excel_UI\Excel_UI.csproj", "{0FAF6FEB-80C3-474A-92BB-C886424CCBC8}"
EndProject
Project("{FAE04EC0-301F-11D3-BF4B-00C04F79EFBC}") = "ExcelUI_Engine", "ExcelUI_Engine\ExcelUI_Engine.csproj", "{56039ED6-FBD5-4F45-936B-2116399AEEC3}"
EndProject
Global
	GlobalSection(SolutionConfigurationPlatforms) = preSolution
		Debug|Any CPU = Debug|Any CPU
		Release|Any CPU = Release|Any CPU
	EndGlobalSection
	GlobalSection(ProjectConfigurationPlatforms) = postSolution
		{0FAF6FEB-80C3-474A-92BB-C886424CCBC8}.Debug|Any CPU.ActiveCfg = Debug|Any CPU
		{0FAF6FEB-80C3-474A-92BB-C886424CCBC8}.Debug|Any CPU.Build.0 = Debug|Any CPU
		{0FAF6FEB-80C3-474A-92BB-C886424CCBC8}.Release|Any CPU.ActiveCfg = Release|Any CPU
		{0FAF6FEB-80C3-474A-92BB-C886424CCBC8}.Release|Any CPU.Build.0 = Release|Any CPU
		{56039ED6-FBD5-4F45-936B-2116399AEEC3}.Debug|Any CPU.ActiveCfg = Debug|Any CPU
		{56039ED6-FBD5-4F45-936B-2116399AEEC3}.Debug|Any CPU.Build.0 = Debug|Any CPU
		{56039ED6-FBD5-4F45-936B-2116399AEEC3}.Release|Any CPU.ActiveCfg = Release|Any CPU
		{56039ED6-FBD5-4F45-936B-2116399AEEC3}.Release|Any CPU.Build.0 = Release|Any CPU
	EndGlobalSection
	GlobalSection(SolutionProperties) = preSolution
		HideSolutionNode = FALSE
	EndGlobalSection
	GlobalSection(ExtensibilityGlobals) = postSolution
		SolutionGuid = {1F42A65E-ED67-4828-8F52-A21C565A6F02}
	EndGlobalSection
EndGlobal
